
Microsoft Visual Studio Solution File, Format Version 12.00
# Visual Studio Version 17
VisualStudioVersion = 17.9.34622.214
MinimumVisualStudioVersion = 10.0.40219.1
Project("{9A19103F-16F7-4668-BE54-9A1E7A4F7556}") = "Distributed.Caching", "Distributed.Caching\Distributed.Caching.csproj", "{AC7CD274-54AE-4D42-8A63-171864689276}"
EndProject
Project("{9A19103F-16F7-4668-BE54-9A1E7A4F7556}") = "InMemory.Caching", "InMemory.Caching\InMemory.Caching.csproj", "{17795D1A-ABD4-4CCE-B20B-1584DD8392B6}"
EndProject
Project("{FAE04EC0-301F-11D3-BF4B-00C04F79EFBC}") = "Redis.Pub.Sub.Publisher.Example", "Redis.Pub.Sub.Publisher.Example\Redis.Pub.Sub.Publisher.Example.csproj", "{091B8EC7-4D97-4A5F-93B0-6DDD72547FA8}"
EndProject
Project("{FAE04EC0-301F-11D3-BF4B-00C04F79EFBC}") = "Redis.Pub.Sub.Subscriber.Example", "Redis.Pub.Sub.Subscriber.Example\Redis.Pub.Sub.Subscriber.Example.csproj", "{47422D17-BEDB-4B7C-AEC6-9458E09FBA86}"
EndProject
Global
	GlobalSection(SolutionConfigurationPlatforms) = preSolution
		Debug|Any CPU = Debug|Any CPU
		Release|Any CPU = Release|Any CPU
	EndGlobalSection
	GlobalSection(ProjectConfigurationPlatforms) = postSolution
		{AC7CD274-54AE-4D42-8A63-171864689276}.Debug|Any CPU.ActiveCfg = Debug|Any CPU
		{AC7CD274-54AE-4D42-8A63-171864689276}.Debug|Any CPU.Build.0 = Debug|Any CPU
		{AC7CD274-54AE-4D42-8A63-171864689276}.Release|Any CPU.ActiveCfg = Release|Any CPU
		{AC7CD274-54AE-4D42-8A63-171864689276}.Release|Any CPU.Build.0 = Release|Any CPU
		{17795D1A-ABD4-4CCE-B20B-1584DD8392B6}.Debug|Any CPU.ActiveCfg = Debug|Any CPU
		{17795D1A-ABD4-4CCE-B20B-1584DD8392B6}.Debug|Any CPU.Build.0 = Debug|Any CPU
		{17795D1A-ABD4-4CCE-B20B-1584DD8392B6}.Release|Any CPU.ActiveCfg = Release|Any CPU
		{17795D1A-ABD4-4CCE-B20B-1584DD8392B6}.Release|Any CPU.Build.0 = Release|Any CPU
		{091B8EC7-4D97-4A5F-93B0-6DDD72547FA8}.Debug|Any CPU.ActiveCfg = Debug|Any CPU
		{091B8EC7-4D97-4A5F-93B0-6DDD72547FA8}.Debug|Any CPU.Build.0 = Debug|Any CPU
		{091B8EC7-4D97-4A5F-93B0-6DDD72547FA8}.Release|Any CPU.ActiveCfg = Release|Any CPU
		{091B8EC7-4D97-4A5F-93B0-6DDD72547FA8}.Release|Any CPU.Build.0 = Release|Any CPU
		{47422D17-BEDB-4B7C-AEC6-9458E09FBA86}.Debug|Any CPU.ActiveCfg = Debug|Any CPU
		{47422D17-BEDB-4B7C-AEC6-9458E09FBA86}.Debug|Any CPU.Build.0 = Debug|Any CPU
		{47422D17-BEDB-4B7C-AEC6-9458E09FBA86}.Release|Any CPU.ActiveCfg = Release|Any CPU
		{47422D17-BEDB-4B7C-AEC6-9458E09FBA86}.Release|Any CPU.Build.0 = Release|Any CPU
	EndGlobalSection
	GlobalSection(SolutionProperties) = preSolution
		HideSolutionNode = FALSE
	EndGlobalSection
	GlobalSection(ExtensibilityGlobals) = postSolution
		SolutionGuid = {20856E5E-F113-42A7-AF05-36F68C50C294}
	EndGlobalSection
EndGlobal
